
Microsoft Visual Studio Solution File, Format Version 12.00
# Visual Studio Version 17
VisualStudioVersion = 17.4.33213.308
MinimumVisualStudioVersion = 10.0.40219.1
Project("{9A19103F-16F7-4668-BE54-9A1E7A4F7556}") = "ClassBoxData", "ClassBoxData\ClassBoxData.csproj", "{78FBF2CE-938C-4E10-B268-3182DED0A975}"
EndProject
Project("{9A19103F-16F7-4668-BE54-9A1E7A4F7556}") = "ShoppingSpree", "Shopping-Spree\ShoppingSpree.csproj", "{1826B002-8E9D-4F20-A7E5-01C962230DAF}"
EndProject
Project("{9A19103F-16F7-4668-BE54-9A1E7A4F7556}") = "PizzaCalories", "PizzaCalories\PizzaCalories.csproj", "{E00C0A92-020D-454B-963B-0608935723AF}"
EndProject
Project("{FAE04EC0-301F-11D3-BF4B-00C04F79EFBC}") = "FootballTeamGenerator", "FootballTeamGenerator\FootballTeamGenerator.csproj", "{2EF80650-8C25-495B-AD1C-A32B32AC7087}"
EndProject
Global
	GlobalSection(SolutionConfigurationPlatforms) = preSolution
		Debug|Any CPU = Debug|Any CPU
		Release|Any CPU = Release|Any CPU
	EndGlobalSection
	GlobalSection(ProjectConfigurationPlatforms) = postSolution
		{78FBF2CE-938C-4E10-B268-3182DED0A975}.Debug|Any CPU.ActiveCfg = Debug|Any CPU
		{78FBF2CE-938C-4E10-B268-3182DED0A975}.Debug|Any CPU.Build.0 = Debug|Any CPU
		{78FBF2CE-938C-4E10-B268-3182DED0A975}.Release|Any CPU.ActiveCfg = Release|Any CPU
		{78FBF2CE-938C-4E10-B268-3182DED0A975}.Release|Any CPU.Build.0 = Release|Any CPU
		{1826B002-8E9D-4F20-A7E5-01C962230DAF}.Debug|Any CPU.ActiveCfg = Debug|Any CPU
		{1826B002-8E9D-4F20-A7E5-01C962230DAF}.Debug|Any CPU.Build.0 = Debug|Any CPU
		{1826B002-8E9D-4F20-A7E5-01C962230DAF}.Release|Any CPU.ActiveCfg = Release|Any CPU
		{1826B002-8E9D-4F20-A7E5-01C962230DAF}.Release|Any CPU.Build.0 = Release|Any CPU
		{E00C0A92-020D-454B-963B-0608935723AF}.Debug|Any CPU.ActiveCfg = Debug|Any CPU
		{E00C0A92-020D-454B-963B-0608935723AF}.Debug|Any CPU.Build.0 = Debug|Any CPU
		{E00C0A92-020D-454B-963B-0608935723AF}.Release|Any CPU.ActiveCfg = Release|Any CPU
		{E00C0A92-020D-454B-963B-0608935723AF}.Release|Any CPU.Build.0 = Release|Any CPU
		{2EF80650-8C25-495B-AD1C-A32B32AC7087}.Debug|Any CPU.ActiveCfg = Debug|Any CPU
		{2EF80650-8C25-495B-AD1C-A32B32AC7087}.Debug|Any CPU.Build.0 = Debug|Any CPU
		{2EF80650-8C25-495B-AD1C-A32B32AC7087}.Release|Any CPU.ActiveCfg = Release|Any CPU
		{2EF80650-8C25-495B-AD1C-A32B32AC7087}.Release|Any CPU.Build.0 = Release|Any CPU
	EndGlobalSection
	GlobalSection(SolutionProperties) = preSolution
		HideSolutionNode = FALSE
	EndGlobalSection
	GlobalSection(ExtensibilityGlobals) = postSolution
		SolutionGuid = {163952C5-1C51-4462-8798-9FC59B103186}
	EndGlobalSection
EndGlobal
