
Microsoft Visual Studio Solution File, Format Version 12.00
# Visual Studio Version 17
VisualStudioVersion = 17.4.33213.308
MinimumVisualStudioVersion = 10.0.40219.1
Project("{FAE04EC0-301F-11D3-BF4B-00C04F79EFBC}") = "Farm", "Farm\Farm.csproj", "{55900FA9-1512-4BE6-AF2B-D528D7C69FF2}"
EndProject
Project("{FAE04EC0-301F-11D3-BF4B-00C04F79EFBC}") = "MultipleInheritance", "MultipleInheritance\MultipleInheritance.csproj", "{AEEF4F8D-806A-445A-B5F7-0AA0737AB9D8}"
EndProject
Project("{FAE04EC0-301F-11D3-BF4B-00C04F79EFBC}") = "Hierarchical Inheritance", "Hierarchical Inheritance\Hierarchical Inheritance.csproj", "{87B4DD40-72B3-4635-A126-40C4D630265B}"
EndProject
Project("{FAE04EC0-301F-11D3-BF4B-00C04F79EFBC}") = "CustomRandomList", "CustomRandomList\CustomRandomList.csproj", "{189CC2B5-91E1-4749-89C7-AD975F92A0FF}"
EndProject
Project("{FAE04EC0-301F-11D3-BF4B-00C04F79EFBC}") = "StackOfStrings", "StackOfStrings\StackOfStrings.csproj", "{A5156F17-556A-4691-9620-14C220987D5A}"
EndProject
Global
	GlobalSection(SolutionConfigurationPlatforms) = preSolution
		Debug|Any CPU = Debug|Any CPU
		Release|Any CPU = Release|Any CPU
	EndGlobalSection
	GlobalSection(ProjectConfigurationPlatforms) = postSolution
		{55900FA9-1512-4BE6-AF2B-D528D7C69FF2}.Debug|Any CPU.ActiveCfg = Debug|Any CPU
		{55900FA9-1512-4BE6-AF2B-D528D7C69FF2}.Debug|Any CPU.Build.0 = Debug|Any CPU
		{55900FA9-1512-4BE6-AF2B-D528D7C69FF2}.Release|Any CPU.ActiveCfg = Release|Any CPU
		{55900FA9-1512-4BE6-AF2B-D528D7C69FF2}.Release|Any CPU.Build.0 = Release|Any CPU
		{AEEF4F8D-806A-445A-B5F7-0AA0737AB9D8}.Debug|Any CPU.ActiveCfg = Debug|Any CPU
		{AEEF4F8D-806A-445A-B5F7-0AA0737AB9D8}.Debug|Any CPU.Build.0 = Debug|Any CPU
		{AEEF4F8D-806A-445A-B5F7-0AA0737AB9D8}.Release|Any CPU.ActiveCfg = Release|Any CPU
		{AEEF4F8D-806A-445A-B5F7-0AA0737AB9D8}.Release|Any CPU.Build.0 = Release|Any CPU
		{87B4DD40-72B3-4635-A126-40C4D630265B}.Debug|Any CPU.ActiveCfg = Debug|Any CPU
		{87B4DD40-72B3-4635-A126-40C4D630265B}.Debug|Any CPU.Build.0 = Debug|Any CPU
		{87B4DD40-72B3-4635-A126-40C4D630265B}.Release|Any CPU.ActiveCfg = Release|Any CPU
		{87B4DD40-72B3-4635-A126-40C4D630265B}.Release|Any CPU.Build.0 = Release|Any CPU
		{189CC2B5-91E1-4749-89C7-AD975F92A0FF}.Debug|Any CPU.ActiveCfg = Debug|Any CPU
		{189CC2B5-91E1-4749-89C7-AD975F92A0FF}.Debug|Any CPU.Build.0 = Debug|Any CPU
		{189CC2B5-91E1-4749-89C7-AD975F92A0FF}.Release|Any CPU.ActiveCfg = Release|Any CPU
		{189CC2B5-91E1-4749-89C7-AD975F92A0FF}.Release|Any CPU.Build.0 = Release|Any CPU
		{A5156F17-556A-4691-9620-14C220987D5A}.Debug|Any CPU.ActiveCfg = Debug|Any CPU
		{A5156F17-556A-4691-9620-14C220987D5A}.Debug|Any CPU.Build.0 = Debug|Any CPU
		{A5156F17-556A-4691-9620-14C220987D5A}.Release|Any CPU.ActiveCfg = Release|Any CPU
		{A5156F17-556A-4691-9620-14C220987D5A}.Release|Any CPU.Build.0 = Release|Any CPU
	EndGlobalSection
	GlobalSection(SolutionProperties) = preSolution
		HideSolutionNode = FALSE
	EndGlobalSection
	GlobalSection(ExtensibilityGlobals) = postSolution
		SolutionGuid = {E62798C9-B3F0-4D5E-BE55-B6FC71F8E6FD}
	EndGlobalSection
EndGlobal
