
Microsoft Visual Studio Solution File, Format Version 12.00
# Visual Studio Version 17
VisualStudioVersion = 17.4.33213.308
MinimumVisualStudioVersion = 10.0.40219.1
Project("{FAE04EC0-301F-11D3-BF4B-00C04F79EFBC}") = "PersonsInfo", "PersonsInfo.csproj", "{EA6021A2-EE95-4769-901F-4E65DD1E8FA7}"
EndProject
Global
	GlobalSection(SolutionConfigurationPlatforms) = preSolution
		Debug|Any CPU = Debug|Any CPU
		Release|Any CPU = Release|Any CPU
	EndGlobalSection
	GlobalSection(ProjectConfigurationPlatforms) = postSolution
		{EA6021A2-EE95-4769-901F-4E65DD1E8FA7}.Debug|Any CPU.ActiveCfg = Debug|Any CPU
		{EA6021A2-EE95-4769-901F-4E65DD1E8FA7}.Debug|Any CPU.Build.0 = Debug|Any CPU
		{EA6021A2-EE95-4769-901F-4E65DD1E8FA7}.Release|Any CPU.ActiveCfg = Release|Any CPU
		{EA6021A2-EE95-4769-901F-4E65DD1E8FA7}.Release|Any CPU.Build.0 = Release|Any CPU
	EndGlobalSection
	GlobalSection(SolutionProperties) = preSolution
		HideSolutionNode = FALSE
	EndGlobalSection
	GlobalSection(ExtensibilityGlobals) = postSolution
		SolutionGuid = {A7E40CCF-310A-465A-8ADF-E4389975E263}
	EndGlobalSection
EndGlobal
