
Microsoft Visual Studio Solution File, Format Version 12.00
# Visual Studio 2013
VisualStudioVersion = 12.0.40629.0
MinimumVisualStudioVersion = 10.0.40219.1
Project("{FAE04EC0-301F-11D3-BF4B-00C04F79EFBC}") = "01.Point3D", "Point3D\01.Point3D.csproj", "{7F4CC255-8975-49C3-97A1-D883801A91A8}"
EndProject
Project("{FAE04EC0-301F-11D3-BF4B-00C04F79EFBC}") = "02.CalculateDistance", "CalculateDistance\02.CalculateDistance.csproj", "{4460D0BA-17EE-45A7-93E9-2AF5B3BA1399}"
EndProject
Project("{2150E333-8FDC-42A3-9474-1A3956D46DE8}") = "Homework", "Homework", "{73F46147-B806-44B6-A0DD-B35E2E76CB8C}"
EndProject
Project("{2150E333-8FDC-42A3-9474-1A3956D46DE8}") = "Exercise", "Exercise", "{41EC686A-203E-4289-9DCC-05445B1F5723}"
EndProject
Project("{FAE04EC0-301F-11D3-BF4B-00C04F79EFBC}") = "RpgGameApp", "RpgGameApp\RpgGameApp.csproj", "{9A783945-516E-42B1-A5BE-A9ABCE2F2165}"
EndProject
Project("{FAE04EC0-301F-11D3-BF4B-00C04F79EFBC}") = "03.Paths", "Paths\03.Paths.csproj", "{6B6137E9-CA91-43E5-81AE-C402B7F5129F}"
EndProject
Project("{FAE04EC0-301F-11D3-BF4B-00C04F79EFBC}") = "04.Geometry", "Geometry\04.Geometry.csproj", "{623D45E8-7A53-42CD-B0BD-34E74D433C44}"
EndProject
Project("{FAE04EC0-301F-11D3-BF4B-00C04F79EFBC}") = "05.HTMLDispatcher", "HTMLDispatcher\05.HTMLDispatcher.csproj", "{496C39E1-B99C-4996-ACCD-38EFE887D0B6}"
EndProject
Global
	GlobalSection(SolutionConfigurationPlatforms) = preSolution
		Debug|Any CPU = Debug|Any CPU
		Release|Any CPU = Release|Any CPU
	EndGlobalSection
	GlobalSection(ProjectConfigurationPlatforms) = postSolution
		{7F4CC255-8975-49C3-97A1-D883801A91A8}.Debug|Any CPU.ActiveCfg = Debug|Any CPU
		{7F4CC255-8975-49C3-97A1-D883801A91A8}.Debug|Any CPU.Build.0 = Debug|Any CPU
		{7F4CC255-8975-49C3-97A1-D883801A91A8}.Release|Any CPU.ActiveCfg = Release|Any CPU
		{7F4CC255-8975-49C3-97A1-D883801A91A8}.Release|Any CPU.Build.0 = Release|Any CPU
		{4460D0BA-17EE-45A7-93E9-2AF5B3BA1399}.Debug|Any CPU.ActiveCfg = Debug|Any CPU
		{4460D0BA-17EE-45A7-93E9-2AF5B3BA1399}.Debug|Any CPU.Build.0 = Debug|Any CPU
		{4460D0BA-17EE-45A7-93E9-2AF5B3BA1399}.Release|Any CPU.ActiveCfg = Release|Any CPU
		{4460D0BA-17EE-45A7-93E9-2AF5B3BA1399}.Release|Any CPU.Build.0 = Release|Any CPU
		{9A783945-516E-42B1-A5BE-A9ABCE2F2165}.Debug|Any CPU.ActiveCfg = Debug|Any CPU
		{9A783945-516E-42B1-A5BE-A9ABCE2F2165}.Debug|Any CPU.Build.0 = Debug|Any CPU
		{9A783945-516E-42B1-A5BE-A9ABCE2F2165}.Release|Any CPU.ActiveCfg = Release|Any CPU
		{9A783945-516E-42B1-A5BE-A9ABCE2F2165}.Release|Any CPU.Build.0 = Release|Any CPU
		{6B6137E9-CA91-43E5-81AE-C402B7F5129F}.Debug|Any CPU.ActiveCfg = Debug|Any CPU
		{6B6137E9-CA91-43E5-81AE-C402B7F5129F}.Debug|Any CPU.Build.0 = Debug|Any CPU
		{6B6137E9-CA91-43E5-81AE-C402B7F5129F}.Release|Any CPU.ActiveCfg = Release|Any CPU
		{6B6137E9-CA91-43E5-81AE-C402B7F5129F}.Release|Any CPU.Build.0 = Release|Any CPU
		{623D45E8-7A53-42CD-B0BD-34E74D433C44}.Debug|Any CPU.ActiveCfg = Debug|Any CPU
		{623D45E8-7A53-42CD-B0BD-34E74D433C44}.Debug|Any CPU.Build.0 = Debug|Any CPU
		{623D45E8-7A53-42CD-B0BD-34E74D433C44}.Release|Any CPU.ActiveCfg = Release|Any CPU
		{623D45E8-7A53-42CD-B0BD-34E74D433C44}.Release|Any CPU.Build.0 = Release|Any CPU
		{496C39E1-B99C-4996-ACCD-38EFE887D0B6}.Debug|Any CPU.ActiveCfg = Debug|Any CPU
		{496C39E1-B99C-4996-ACCD-38EFE887D0B6}.Debug|Any CPU.Build.0 = Debug|Any CPU
		{496C39E1-B99C-4996-ACCD-38EFE887D0B6}.Release|Any CPU.ActiveCfg = Release|Any CPU
		{496C39E1-B99C-4996-ACCD-38EFE887D0B6}.Release|Any CPU.Build.0 = Release|Any CPU
	EndGlobalSection
	GlobalSection(SolutionProperties) = preSolution
		HideSolutionNode = FALSE
	EndGlobalSection
	GlobalSection(NestedProjects) = preSolution
		{7F4CC255-8975-49C3-97A1-D883801A91A8} = {73F46147-B806-44B6-A0DD-B35E2E76CB8C}
		{4460D0BA-17EE-45A7-93E9-2AF5B3BA1399} = {73F46147-B806-44B6-A0DD-B35E2E76CB8C}
		{9A783945-516E-42B1-A5BE-A9ABCE2F2165} = {41EC686A-203E-4289-9DCC-05445B1F5723}
		{6B6137E9-CA91-43E5-81AE-C402B7F5129F} = {73F46147-B806-44B6-A0DD-B35E2E76CB8C}
		{623D45E8-7A53-42CD-B0BD-34E74D433C44} = {73F46147-B806-44B6-A0DD-B35E2E76CB8C}
		{496C39E1-B99C-4996-ACCD-38EFE887D0B6} = {73F46147-B806-44B6-A0DD-B35E2E76CB8C}
	EndGlobalSection
EndGlobal
